// !$*UTF8*$!
{
	archiveVersion = 1;
	classes = {
	};
	objectVersion = 56;
	objects = {

/* Begin PBXBuildFile section */
		090BA7502991CF9C00BD87D7 /* cs125projectApp.swift in Sources */ = {isa = PBXBuildFile; fileRef = 090BA74F2991CF9C00BD87D7 /* cs125projectApp.swift */; };
		090BA7522991CF9C00BD87D7 /* ContentView.swift in Sources */ = {isa = PBXBuildFile; fileRef = 090BA7512991CF9C00BD87D7 /* ContentView.swift */; };
		090BA7542991CF9E00BD87D7 /* Assets.xcassets in Resources */ = {isa = PBXBuildFile; fileRef = 090BA7532991CF9E00BD87D7 /* Assets.xcassets */; };
		090BA7582991CF9E00BD87D7 /* Preview Assets.xcassets in Resources */ = {isa = PBXBuildFile; fileRef = 090BA7572991CF9E00BD87D7 /* Preview Assets.xcassets */; };
		090BA7622991CF9E00BD87D7 /* cs125projectTests.swift in Sources */ = {isa = PBXBuildFile; fileRef = 090BA7612991CF9E00BD87D7 /* cs125projectTests.swift */; };
		090BA76C2991CF9E00BD87D7 /* cs125projectUITests.swift in Sources */ = {isa = PBXBuildFile; fileRef = 090BA76B2991CF9E00BD87D7 /* cs125projectUITests.swift */; };
		090BA76E2991CF9E00BD87D7 /* cs125projectUITestsLaunchTests.swift in Sources */ = {isa = PBXBuildFile; fileRef = 090BA76D2991CF9E00BD87D7 /* cs125projectUITestsLaunchTests.swift */; };
/* End PBXBuildFile section */

/* Begin PBXContainerItemProxy section */
		090BA75E2991CF9E00BD87D7 /* PBXContainerItemProxy */ = {
			isa = PBXContainerItemProxy;
			containerPortal = 090BA7442991CF9C00BD87D7 /* Project object */;
			proxyType = 1;
			remoteGlobalIDString = 090BA74B2991CF9C00BD87D7;
			remoteInfo = cs125project;
		};
		090BA7682991CF9E00BD87D7 /* PBXContainerItemProxy */ = {
			isa = PBXContainerItemProxy;
			containerPortal = 090BA7442991CF9C00BD87D7 /* Project object */;
			proxyType = 1;
			remoteGlobalIDString = 090BA74B2991CF9C00BD87D7;
			remoteInfo = cs125project;
		};
/* End PBXContainerItemProxy section */

/* Begin PBXFileReference section */
		090BA74C2991CF9C00BD87D7 /* cs125project.app */ = {isa = PBXFileReference; explicitFileType = wrapper.application; includeInIndex = 0; path = cs125project.app; sourceTree = BUILT_PRODUCTS_DIR; };
		090BA74F2991CF9C00BD87D7 /* cs125projectApp.swift */ = {isa = PBXFileReference; lastKnownFileType = sourcecode.swift; path = cs125projectApp.swift; sourceTree = "<group>"; };
		090BA7512991CF9C00BD87D7 /* ContentView.swift */ = {isa = PBXFileReference; lastKnownFileType = sourcecode.swift; path = ContentView.swift; sourceTree = "<group>"; };
		090BA7532991CF9E00BD87D7 /* Assets.xcassets */ = {isa = PBXFileReference; lastKnownFileType = folder.assetcatalog; path = Assets.xcassets; sourceTree = "<group>"; };
		090BA7552991CF9E00BD87D7 /* cs125project.entitlements */ = {isa = PBXFileReference; lastKnownFileType = text.plist.entitlements; path = cs125project.entitlements; sourceTree = "<group>"; };
		090BA7572991CF9E00BD87D7 /* Preview Assets.xcassets */ = {isa = PBXFileReference; lastKnownFileType = folder.assetcatalog; path = "Preview Assets.xcassets"; sourceTree = "<group>"; };
		090BA75D2991CF9E00BD87D7 /* cs125projectTests.xctest */ = {isa = PBXFileReference; explicitFileType = wrapper.cfbundle; includeInIndex = 0; path = cs125projectTests.xctest; sourceTree = BUILT_PRODUCTS_DIR; };
		090BA7612991CF9E00BD87D7 /* cs125projectTests.swift */ = {isa = PBXFileReference; lastKnownFileType = sourcecode.swift; path = cs125projectTests.swift; sourceTree = "<group>"; };
		090BA7672991CF9E00BD87D7 /* cs125projectUITests.xctest */ = {isa = PBXFileReference; explicitFileType = wrapper.cfbundle; includeInIndex = 0; path = cs125projectUITests.xctest; sourceTree = BUILT_PRODUCTS_DIR; };
		090BA76B2991CF9E00BD87D7 /* cs125projectUITests.swift */ = {isa = PBXFileReference; lastKnownFileType = sourcecode.swift; path = cs125projectUITests.swift; sourceTree = "<group>"; };
		090BA76D2991CF9E00BD87D7 /* cs125projectUITestsLaunchTests.swift */ = {isa = PBXFileReference; lastKnownFileType = sourcecode.swift; path = cs125projectUITestsLaunchTests.swift; sourceTree = "<group>"; };
/* End PBXFileReference section */

/* Begin PBXFrameworksBuildPhase section */
		090BA7492991CF9C00BD87D7 /* Frameworks */ = {
			isa = PBXFrameworksBuildPhase;
			buildActionMask = 2147483647;
			files = (
			);
			runOnlyForDeploymentPostprocessing = 0;
		};
		090BA75A2991CF9E00BD87D7 /* Frameworks */ = {
			isa = PBXFrameworksBuildPhase;
			buildActionMask = 2147483647;
			files = (
			);
			runOnlyForDeploymentPostprocessing = 0;
		};
		090BA7642991CF9E00BD87D7 /* Frameworks */ = {
			isa = PBXFrameworksBuildPhase;
			buildActionMask = 2147483647;
			files = (
			);
			runOnlyForDeploymentPostprocessing = 0;
		};
/* End PBXFrameworksBuildPhase section */

/* Begin PBXGroup section */
		090BA7432991CF9C00BD87D7 = {
			isa = PBXGroup;
			children = (
				090BA74E2991CF9C00BD87D7 /* cs125project */,
				090BA7602991CF9E00BD87D7 /* cs125projectTests */,
				090BA76A2991CF9E00BD87D7 /* cs125projectUITests */,
				090BA74D2991CF9C00BD87D7 /* Products */,
			);
			sourceTree = "<group>";
		};
		090BA74D2991CF9C00BD87D7 /* Products */ = {
			isa = PBXGroup;
			children = (
				090BA74C2991CF9C00BD87D7 /* cs125project.app */,
				090BA75D2991CF9E00BD87D7 /* cs125projectTests.xctest */,
				090BA7672991CF9E00BD87D7 /* cs125projectUITests.xctest */,
			);
			name = Products;
			sourceTree = "<group>";
		};
		090BA74E2991CF9C00BD87D7 /* cs125project */ = {
			isa = PBXGroup;
			children = (
				090BA74F2991CF9C00BD87D7 /* cs125projectApp.swift */,
				090BA7512991CF9C00BD87D7 /* ContentView.swift */,
				090BA7532991CF9E00BD87D7 /* Assets.xcassets */,
				090BA7552991CF9E00BD87D7 /* cs125project.entitlements */,
				090BA7562991CF9E00BD87D7 /* Preview Content */,
			);
			path = cs125project;
			sourceTree = "<group>";
		};
		090BA7562991CF9E00BD87D7 /* Preview Content */ = {
			isa = PBXGroup;
			children = (
				090BA7572991CF9E00BD87D7 /* Preview Assets.xcassets */,
			);
			path = "Preview Content";
			sourceTree = "<group>";
		};
		090BA7602991CF9E00BD87D7 /* cs125projectTests */ = {
			isa = PBXGroup;
			children = (
				090BA7612991CF9E00BD87D7 /* cs125projectTests.swift */,
			);
			path = cs125projectTests;
			sourceTree = "<group>";
		};
		090BA76A2991CF9E00BD87D7 /* cs125projectUITests */ = {
			isa = PBXGroup;
			children = (
				090BA76B2991CF9E00BD87D7 /* cs125projectUITests.swift */,
				090BA76D2991CF9E00BD87D7 /* cs125projectUITestsLaunchTests.swift */,
			);
			path = cs125projectUITests;
			sourceTree = "<group>";
		};
/* End PBXGroup section */

/* Begin PBXNativeTarget section */
		090BA74B2991CF9C00BD87D7 /* cs125project */ = {
			isa = PBXNativeTarget;
			buildConfigurationList = 090BA7712991CF9E00BD87D7 /* Build configuration list for PBXNativeTarget "cs125project" */;
			buildPhases = (
				090BA7482991CF9C00BD87D7 /* Sources */,
				090BA7492991CF9C00BD87D7 /* Frameworks */,
				090BA74A2991CF9C00BD87D7 /* Resources */,
			);
			buildRules = (
			);
			dependencies = (
			);
			name = cs125project;
			productName = cs125project;
			productReference = 090BA74C2991CF9C00BD87D7 /* cs125project.app */;
			productType = "com.apple.product-type.application";
		};
		090BA75C2991CF9E00BD87D7 /* cs125projectTests */ = {
			isa = PBXNativeTarget;
			buildConfigurationList = 090BA7742991CF9E00BD87D7 /* Build configuration list for PBXNativeTarget "cs125projectTests" */;
			buildPhases = (
				090BA7592991CF9E00BD87D7 /* Sources */,
				090BA75A2991CF9E00BD87D7 /* Frameworks */,
				090BA75B2991CF9E00BD87D7 /* Resources */,
			);
			buildRules = (
			);
			dependencies = (
				090BA75F2991CF9E00BD87D7 /* PBXTargetDependency */,
			);
			name = cs125projectTests;
			productName = cs125projectTests;
			productReference = 090BA75D2991CF9E00BD87D7 /* cs125projectTests.xctest */;
			productType = "com.apple.product-type.bundle.unit-test";
		};
		090BA7662991CF9E00BD87D7 /* cs125projectUITests */ = {
			isa = PBXNativeTarget;
			buildConfigurationList = 090BA7772991CF9E00BD87D7 /* Build configuration list for PBXNativeTarget "cs125projectUITests" */;
			buildPhases = (
				090BA7632991CF9E00BD87D7 /* Sources */,
				090BA7642991CF9E00BD87D7 /* Frameworks */,
				090BA7652991CF9E00BD87D7 /* Resources */,
			);
			buildRules = (
			);
			dependencies = (
				090BA7692991CF9E00BD87D7 /* PBXTargetDependency */,
			);
			name = cs125projectUITests;
			productName = cs125projectUITests;
			productReference = 090BA7672991CF9E00BD87D7 /* cs125projectUITests.xctest */;
			productType = "com.apple.product-type.bundle.ui-testing";
		};
/* End PBXNativeTarget section */

/* Begin PBXProject section */
		090BA7442991CF9C00BD87D7 /* Project object */ = {
			isa = PBXProject;
			attributes = {
				BuildIndependentTargetsInParallel = 1;
				LastSwiftUpdateCheck = 1420;
				LastUpgradeCheck = 1420;
				TargetAttributes = {
					090BA74B2991CF9C00BD87D7 = {
						CreatedOnToolsVersion = 14.2;
					};
					090BA75C2991CF9E00BD87D7 = {
						CreatedOnToolsVersion = 14.2;
						TestTargetID = 090BA74B2991CF9C00BD87D7;
					};
					090BA7662991CF9E00BD87D7 = {
						CreatedOnToolsVersion = 14.2;
						TestTargetID = 090BA74B2991CF9C00BD87D7;
					};
				};
			};
			buildConfigurationList = 090BA7472991CF9C00BD87D7 /* Build configuration list for PBXProject "cs125project" */;
			compatibilityVersion = "Xcode 14.0";
			developmentRegion = en;
			hasScannedForEncodings = 0;
			knownRegions = (
				en,
				Base,
			);
			mainGroup = 090BA7432991CF9C00BD87D7;
			productRefGroup = 090BA74D2991CF9C00BD87D7 /* Products */;
			projectDirPath = "";
			projectRoot = "";
			targets = (
				090BA74B2991CF9C00BD87D7 /* cs125project */,
				090BA75C2991CF9E00BD87D7 /* cs125projectTests */,
				090BA7662991CF9E00BD87D7 /* cs125projectUITests */,
			);
		};
/* End PBXProject section */

/* Begin PBXResourcesBuildPhase section */
		090BA74A2991CF9C00BD87D7 /* Resources */ = {
			isa = PBXResourcesBuildPhase;
			buildActionMask = 2147483647;
			files = (
				090BA7582991CF9E00BD87D7 /* Preview Assets.xcassets in Resources */,
				090BA7542991CF9E00BD87D7 /* Assets.xcassets in Resources */,
			);
			runOnlyForDeploymentPostprocessing = 0;
		};
		090BA75B2991CF9E00BD87D7 /* Resources */ = {
			isa = PBXResourcesBuildPhase;
			buildActionMask = 2147483647;
			files = (
			);
			runOnlyForDeploymentPostprocessing = 0;
		};
		090BA7652991CF9E00BD87D7 /* Resources */ = {
			isa = PBXResourcesBuildPhase;
			buildActionMask = 2147483647;
			files = (
			);
			runOnlyForDeploymentPostprocessing = 0;
		};
/* End PBXResourcesBuildPhase section */

/* Begin PBXSourcesBuildPhase section */
		090BA7482991CF9C00BD87D7 /* Sources */ = {
			isa = PBXSourcesBuildPhase;
			buildActionMask = 2147483647;
			files = (
				090BA7522991CF9C00BD87D7 /* ContentView.swift in Sources */,
				090BA7502991CF9C00BD87D7 /* cs125projectApp.swift in Sources */,
			);
			runOnlyForDeploymentPostprocessing = 0;
		};
		090BA7592991CF9E00BD87D7 /* Sources */ = {
			isa = PBXSourcesBuildPhase;
			buildActionMask = 2147483647;
			files = (
				090BA7622991CF9E00BD87D7 /* cs125projectTests.swift in Sources */,
			);
			runOnlyForDeploymentPostprocessing = 0;
		};
		090BA7632991CF9E00BD87D7 /* Sources */ = {
			isa = PBXSourcesBuildPhase;
			buildActionMask = 2147483647;
			files = (
				090BA76C2991CF9E00BD87D7 /* cs125projectUITests.swift in Sources */,
				090BA76E2991CF9E00BD87D7 /* cs125projectUITestsLaunchTests.swift in Sources */,
			);
			runOnlyForDeploymentPostprocessing = 0;
		};
/* End PBXSourcesBuildPhase section */

/* Begin PBXTargetDependency section */
		090BA75F2991CF9E00BD87D7 /* PBXTargetDependency */ = {
			isa = PBXTargetDependency;
			target = 090BA74B2991CF9C00BD87D7 /* cs125project */;
			targetProxy = 090BA75E2991CF9E00BD87D7 /* PBXContainerItemProxy */;
		};
		090BA7692991CF9E00BD87D7 /* PBXTargetDependency */ = {
			isa = PBXTargetDependency;
			target = 090BA74B2991CF9C00BD87D7 /* cs125project */;
			targetProxy = 090BA7682991CF9E00BD87D7 /* PBXContainerItemProxy */;
		};
/* End PBXTargetDependency section */

/* Begin XCBuildConfiguration section */
		090BA76F2991CF9E00BD87D7 /* Debug */ = {
			isa = XCBuildConfiguration;
			buildSettings = {
				ALWAYS_SEARCH_USER_PATHS = NO;
				CLANG_ANALYZER_NONNULL = YES;
				CLANG_ANALYZER_NUMBER_OBJECT_CONVERSION = YES_AGGRESSIVE;
				CLANG_CXX_LANGUAGE_STANDARD = "gnu++20";
				CLANG_ENABLE_MODULES = YES;
				CLANG_ENABLE_OBJC_ARC = YES;
				CLANG_ENABLE_OBJC_WEAK = YES;
				CLANG_WARN_BLOCK_CAPTURE_AUTORELEASING = YES;
				CLANG_WARN_BOOL_CONVERSION = YES;
				CLANG_WARN_COMMA = YES;
				CLANG_WARN_CONSTANT_CONVERSION = YES;
				CLANG_WARN_DEPRECATED_OBJC_IMPLEMENTATIONS = YES;
				CLANG_WARN_DIRECT_OBJC_ISA_USAGE = YES_ERROR;
				CLANG_WARN_DOCUMENTATION_COMMENTS = YES;
				CLANG_WARN_EMPTY_BODY = YES;
				CLANG_WARN_ENUM_CONVERSION = YES;
				CLANG_WARN_INFINITE_RECURSION = YES;
				CLANG_WARN_INT_CONVERSION = YES;
				CLANG_WARN_NON_LITERAL_NULL_CONVERSION = YES;
				CLANG_WARN_OBJC_IMPLICIT_RETAIN_SELF = YES;
				CLANG_WARN_OBJC_LITERAL_CONVERSION = YES;
				CLANG_WARN_OBJC_ROOT_CLASS = YES_ERROR;
				CLANG_WARN_QUOTED_INCLUDE_IN_FRAMEWORK_HEADER = YES;
				CLANG_WARN_RANGE_LOOP_ANALYSIS = YES;
				CLANG_WARN_STRICT_PROTOTYPES = YES;
				CLANG_WARN_SUSPICIOUS_MOVE = YES;
				CLANG_WARN_UNGUARDED_AVAILABILITY = YES_AGGRESSIVE;
				CLANG_WARN_UNREACHABLE_CODE = YES;
				CLANG_WARN__DUPLICATE_METHOD_MATCH = YES;
				COPY_PHASE_STRIP = NO;
				DEBUG_INFORMATION_FORMAT = dwarf;
				ENABLE_STRICT_OBJC_MSGSEND = YES;
				ENABLE_TESTABILITY = YES;
				GCC_C_LANGUAGE_STANDARD = gnu11;
				GCC_DYNAMIC_NO_PIC = NO;
				GCC_NO_COMMON_BLOCKS = YES;
				GCC_OPTIMIZATION_LEVEL = 0;
				GCC_PREPROCESSOR_DEFINITIONS = (
					"DEBUG=1",
					"$(inherited)",
				);
				GCC_WARN_64_TO_32_BIT_CONVERSION = YES;
				GCC_WARN_ABOUT_RETURN_TYPE = YES_ERROR;
				GCC_WARN_UNDECLARED_SELECTOR = YES;
				GCC_WARN_UNINITIALIZED_AUTOS = YES_AGGRESSIVE;
				GCC_WARN_UNUSED_FUNCTION = YES;
				GCC_WARN_UNUSED_VARIABLE = YES;
				MTL_ENABLE_DEBUG_INFO = INCLUDE_SOURCE;
				MTL_FAST_MATH = YES;
				ONLY_ACTIVE_ARCH = YES;
				SWIFT_ACTIVE_COMPILATION_CONDITIONS = DEBUG;
				SWIFT_OPTIMIZATION_LEVEL = "-Onone";
			};
			name = Debug;
		};
		090BA7702991CF9E00BD87D7 /* Release */ = {
			isa = XCBuildConfiguration;
			buildSettings = {
				ALWAYS_SEARCH_USER_PATHS = NO;
				CLANG_ANALYZER_NONNULL = YES;
				CLANG_ANALYZER_NUMBER_OBJECT_CONVERSION = YES_AGGRESSIVE;
				CLANG_CXX_LANGUAGE_STANDARD = "gnu++20";
				CLANG_ENABLE_MODULES = YES;
				CLANG_ENABLE_OBJC_ARC = YES;
				CLANG_ENABLE_OBJC_WEAK = YES;
				CLANG_WARN_BLOCK_CAPTURE_AUTORELEASING = YES;
				CLANG_WARN_BOOL_CONVERSION = YES;
				CLANG_WARN_COMMA = YES;
				CLANG_WARN_CONSTANT_CONVERSION = YES;
				CLANG_WARN_DEPRECATED_OBJC_IMPLEMENTATIONS = YES;
				CLANG_WARN_DIRECT_OBJC_ISA_USAGE = YES_ERROR;
				CLANG_WARN_DOCUMENTATION_COMMENTS = YES;
				CLANG_WARN_EMPTY_BODY = YES;
				CLANG_WARN_ENUM_CONVERSION = YES;
				CLANG_WARN_INFINITE_RECURSION = YES;
				CLANG_WARN_INT_CONVERSION = YES;
				CLANG_WARN_NON_LITERAL_NULL_CONVERSION = YES;
				CLANG_WARN_OBJC_IMPLICIT_RETAIN_SELF = YES;
				CLANG_WARN_OBJC_LITERAL_CONVERSION = YES;
				CLANG_WARN_OBJC_ROOT_CLASS = YES_ERROR;
				CLANG_WARN_QUOTED_INCLUDE_IN_FRAMEWORK_HEADER = YES;
				CLANG_WARN_RANGE_LOOP_ANALYSIS = YES;
				CLANG_WARN_STRICT_PROTOTYPES = YES;
				CLANG_WARN_SUSPICIOUS_MOVE = YES;
				CLANG_WARN_UNGUARDED_AVAILABILITY = YES_AGGRESSIVE;
				CLANG_WARN_UNREACHABLE_CODE = YES;
				CLANG_WARN__DUPLICATE_METHOD_MATCH = YES;
				COPY_PHASE_STRIP = NO;
				DEBUG_INFORMATION_FORMAT = "dwarf-with-dsym";
				ENABLE_NS_ASSERTIONS = NO;
				ENABLE_STRICT_OBJC_MSGSEND = YES;
				GCC_C_LANGUAGE_STANDARD = gnu11;
				GCC_NO_COMMON_BLOCKS = YES;
				GCC_WARN_64_TO_32_BIT_CONVERSION = YES;
				GCC_WARN_ABOUT_RETURN_TYPE = YES_ERROR;
				GCC_WARN_UNDECLARED_SELECTOR = YES;
				GCC_WARN_UNINITIALIZED_AUTOS = YES_AGGRESSIVE;
				GCC_WARN_UNUSED_FUNCTION = YES;
				GCC_WARN_UNUSED_VARIABLE = YES;
				MTL_ENABLE_DEBUG_INFO = NO;
				MTL_FAST_MATH = YES;
				SWIFT_COMPILATION_MODE = wholemodule;
				SWIFT_OPTIMIZATION_LEVEL = "-O";
			};
			name = Release;
		};
		090BA7722991CF9E00BD87D7 /* Debug */ = {
			isa = XCBuildConfiguration;
			buildSettings = {
				ASSETCATALOG_COMPILER_APPICON_NAME = AppIcon;
				ASSETCATALOG_COMPILER_GLOBAL_ACCENT_COLOR_NAME = AccentColor;
				CODE_SIGN_ENTITLEMENTS = cs125project/cs125project.entitlements;
				CODE_SIGN_STYLE = Automatic;
				CURRENT_PROJECT_VERSION = 1;
				DEVELOPMENT_ASSET_PATHS = "\"cs125project/Preview Content\"";
				ENABLE_PREVIEWS = YES;
				GENERATE_INFOPLIST_FILE = YES;
				"INFOPLIST_KEY_UIApplicationSceneManifest_Generation[sdk=iphoneos*]" = YES;
				"INFOPLIST_KEY_UIApplicationSceneManifest_Generation[sdk=iphonesimulator*]" = YES;
				"INFOPLIST_KEY_UIApplicationSupportsIndirectInputEvents[sdk=iphoneos*]" = YES;
				"INFOPLIST_KEY_UIApplicationSupportsIndirectInputEvents[sdk=iphonesimulator*]" = YES;
				"INFOPLIST_KEY_UILaunchScreen_Generation[sdk=iphoneos*]" = YES;
				"INFOPLIST_KEY_UILaunchScreen_Generation[sdk=iphonesimulator*]" = YES;
				"INFOPLIST_KEY_UIStatusBarStyle[sdk=iphoneos*]" = UIStatusBarStyleDefault;
				"INFOPLIST_KEY_UIStatusBarStyle[sdk=iphonesimulator*]" = UIStatusBarStyleDefault;
				INFOPLIST_KEY_UISupportedInterfaceOrientations_iPad = "UIInterfaceOrientationPortrait UIInterfaceOrientationPortraitUpsideDown UIInterfaceOrientationLandscapeLeft UIInterfaceOrientationLandscapeRight";
				INFOPLIST_KEY_UISupportedInterfaceOrientations_iPhone = "UIInterfaceOrientationPortrait UIInterfaceOrientationLandscapeLeft UIInterfaceOrientationLandscapeRight";
				IPHONEOS_DEPLOYMENT_TARGET = 16.2;
				LD_RUNPATH_SEARCH_PATHS = "@executable_path/Frameworks";
				"LD_RUNPATH_SEARCH_PATHS[sdk=macosx*]" = "@executable_path/../Frameworks";
				MACOSX_DEPLOYMENT_TARGET = 12.6;
				MARKETING_VERSION = 1.0;
				PRODUCT_BUNDLE_IDENTIFIER = zzzot.cs125project;
				PRODUCT_NAME = "$(TARGET_NAME)";
				SDKROOT = auto;
				SUPPORTED_PLATFORMS = "iphoneos iphonesimulator macosx";
				SWIFT_EMIT_LOC_STRINGS = YES;
				SWIFT_VERSION = 5.0;
				TARGETED_DEVICE_FAMILY = "1,2";
			};
			name = Debug;
		};
		090BA7732991CF9E00BD87D7 /* Release */ = {
			isa = XCBuildConfiguration;
			buildSettings = {
				ASSETCATALOG_COMPILER_APPICON_NAME = AppIcon;
				ASSETCATALOG_COMPILER_GLOBAL_ACCENT_COLOR_NAME = AccentColor;
				CODE_SIGN_ENTITLEMENTS = cs125project/cs125project.entitlements;
				CODE_SIGN_STYLE = Automatic;
				CURRENT_PROJECT_VERSION = 1;
				DEVELOPMENT_ASSET_PATHS = "\"cs125project/Preview Content\"";
				ENABLE_PREVIEWS = YES;
				GENERATE_INFOPLIST_FILE = YES;
				"INFOPLIST_KEY_UIApplicationSceneManifest_Generation[sdk=iphoneos*]" = YES;
				"INFOPLIST_KEY_UIApplicationSceneManifest_Generation[sdk=iphonesimulator*]" = YES;
				"INFOPLIST_KEY_UIApplicationSupportsIndirectInputEvents[sdk=iphoneos*]" = YES;
				"INFOPLIST_KEY_UIApplicationSupportsIndirectInputEvents[sdk=iphonesimulator*]" = YES;
				"INFOPLIST_KEY_UILaunchScreen_Generation[sdk=iphoneos*]" = YES;
				"INFOPLIST_KEY_UILaunchScreen_Generation[sdk=iphonesimulator*]" = YES;
				"INFOPLIST_KEY_UIStatusBarStyle[sdk=iphoneos*]" = UIStatusBarStyleDefault;
				"INFOPLIST_KEY_UIStatusBarStyle[sdk=iphonesimulator*]" = UIStatusBarStyleDefault;
				INFOPLIST_KEY_UISupportedInterfaceOrientations_iPad = "UIInterfaceOrientationPortrait UIInterfaceOrientationPortraitUpsideDown UIInterfaceOrientationLandscapeLeft UIInterfaceOrientationLandscapeRight";
				INFOPLIST_KEY_UISupportedInterfaceOrientations_iPhone = "UIInterfaceOrientationPortrait UIInterfaceOrientationLandscapeLeft UIInterfaceOrientationLandscapeRight";
				IPHONEOS_DEPLOYMENT_TARGET = 16.2;
				LD_RUNPATH_SEARCH_PATHS = "@executable_path/Frameworks";
				"LD_RUNPATH_SEARCH_PATHS[sdk=macosx*]" = "@executable_path/../Frameworks";
				MACOSX_DEPLOYMENT_TARGET = 12.6;
				MARKETING_VERSION = 1.0;
				PRODUCT_BUNDLE_IDENTIFIER = zzzot.cs125project;
				PRODUCT_NAME = "$(TARGET_NAME)";
				SDKROOT = auto;
				SUPPORTED_PLATFORMS = "iphoneos iphonesimulator macosx";
				SWIFT_EMIT_LOC_STRINGS = YES;
				SWIFT_VERSION = 5.0;
				TARGETED_DEVICE_FAMILY = "1,2";
			};
			name = Release;
		};
		090BA7752991CF9E00BD87D7 /* Debug */ = {
			isa = XCBuildConfiguration;
			buildSettings = {
				ALWAYS_EMBED_SWIFT_STANDARD_LIBRARIES = YES;
				BUNDLE_LOADER = "$(TEST_HOST)";
				CODE_SIGN_STYLE = Automatic;
				CURRENT_PROJECT_VERSION = 1;
				GENERATE_INFOPLIST_FILE = YES;
				IPHONEOS_DEPLOYMENT_TARGET = 16.2;
				MACOSX_DEPLOYMENT_TARGET = 12.6;
				MARKETING_VERSION = 1.0;
				PRODUCT_BUNDLE_IDENTIFIER = zzzot.cs125projectTests;
				PRODUCT_NAME = "$(TARGET_NAME)";
				SDKROOT = auto;
				SUPPORTED_PLATFORMS = "iphoneos iphonesimulator macosx";
				SWIFT_EMIT_LOC_STRINGS = NO;
				SWIFT_VERSION = 5.0;
				TARGETED_DEVICE_FAMILY = "1,2";
				TEST_HOST = "$(BUILT_PRODUCTS_DIR)/cs125project.app/$(BUNDLE_EXECUTABLE_FOLDER_PATH)/cs125project";
			};
			name = Debug;
		};
		090BA7762991CF9E00BD87D7 /* Release */ = {
			isa = XCBuildConfiguration;
			buildSettings = {
				ALWAYS_EMBED_SWIFT_STANDARD_LIBRARIES = YES;
				BUNDLE_LOADER = "$(TEST_HOST)";
				CODE_SIGN_STYLE = Automatic;
				CURRENT_PROJECT_VERSION = 1;
				GENERATE_INFOPLIST_FILE = YES;
				IPHONEOS_DEPLOYMENT_TARGET = 16.2;
				MACOSX_DEPLOYMENT_TARGET = 12.6;
				MARKETING_VERSION = 1.0;
				PRODUCT_BUNDLE_IDENTIFIER = zzzot.cs125projectTests;
				PRODUCT_NAME = "$(TARGET_NAME)";
				SDKROOT = auto;
				SUPPORTED_PLATFORMS = "iphoneos iphonesimulator macosx";
				SWIFT_EMIT_LOC_STRINGS = NO;
				SWIFT_VERSION = 5.0;
				TARGETED_DEVICE_FAMILY = "1,2";
				TEST_HOST = "$(BUILT_PRODUCTS_DIR)/cs125project.app/$(BUNDLE_EXECUTABLE_FOLDER_PATH)/cs125project";
			};
			name = Release;
		};
		090BA7782991CF9E00BD87D7 /* Debug */ = {
			isa = XCBuildConfiguration;
			buildSettings = {
				ALWAYS_EMBED_SWIFT_STANDARD_LIBRARIES = YES;
				CODE_SIGN_STYLE = Automatic;
				CURRENT_PROJECT_VERSION = 1;
				GENERATE_INFOPLIST_FILE = YES;
				IPHONEOS_DEPLOYMENT_TARGET = 16.2;
				MACOSX_DEPLOYMENT_TARGET = 12.6;
				MARKETING_VERSION = 1.0;
				PRODUCT_BUNDLE_IDENTIFIER = zzzot.cs125projectUITests;
				PRODUCT_NAME = "$(TARGET_NAME)";
				SDKROOT = auto;
				SUPPORTED_PLATFORMS = "iphoneos iphonesimulator macosx";
				SWIFT_EMIT_LOC_STRINGS = NO;
				SWIFT_VERSION = 5.0;
				TARGETED_DEVICE_FAMILY = "1,2";
				TEST_TARGET_NAME = cs125project;
			};
			name = Debug;
		};
		090BA7792991CF9E00BD87D7 /* Release */ = {
			isa = XCBuildConfiguration;
			buildSettings = {
				ALWAYS_EMBED_SWIFT_STANDARD_LIBRARIES = YES;
				CODE_SIGN_STYLE = Automatic;
				CURRENT_PROJECT_VERSION = 1;
				GENERATE_INFOPLIST_FILE = YES;
				IPHONEOS_DEPLOYMENT_TARGET = 16.2;
				MACOSX_DEPLOYMENT_TARGET = 12.6;
				MARKETING_VERSION = 1.0;
				PRODUCT_BUNDLE_IDENTIFIER = zzzot.cs125projectUITests;
				PRODUCT_NAME = "$(TARGET_NAME)";
				SDKROOT = auto;
				SUPPORTED_PLATFORMS = "iphoneos iphonesimulator macosx";
				SWIFT_EMIT_LOC_STRINGS = NO;
				SWIFT_VERSION = 5.0;
				TARGETED_DEVICE_FAMILY = "1,2";
				TEST_TARGET_NAME = cs125project;
			};
			name = Release;
		};
/* End XCBuildConfiguration section */

/* Begin XCConfigurationList section */
		090BA7472991CF9C00BD87D7 /* Build configuration list for PBXProject "cs125project" */ = {
			isa = XCConfigurationList;
			buildConfigurations = (
				090BA76F2991CF9E00BD87D7 /* Debug */,
				090BA7702991CF9E00BD87D7 /* Release */,
			);
			defaultConfigurationIsVisible = 0;
			defaultConfigurationName = Release;
		};
		090BA7712991CF9E00BD87D7 /* Build configuration list for PBXNativeTarget "cs125project" */ = {
			isa = XCConfigurationList;
			buildConfigurations = (
				090BA7722991CF9E00BD87D7 /* Debug */,
				090BA7732991CF9E00BD87D7 /* Release */,
			);
			defaultConfigurationIsVisible = 0;
			defaultConfigurationName = Release;
		};
		090BA7742991CF9E00BD87D7 /* Build configuration list for PBXNativeTarget "cs125projectTests" */ = {
			isa = XCConfigurationList;
			buildConfigurations = (
				090BA7752991CF9E00BD87D7 /* Debug */,
				090BA7762991CF9E00BD87D7 /* Release */,
			);
			defaultConfigurationIsVisible = 0;
			defaultConfigurationName = Release;
		};
		090BA7772991CF9E00BD87D7 /* Build configuration list for PBXNativeTarget "cs125projectUITests" */ = {
			isa = XCConfigurationList;
			buildConfigurations = (
				090BA7782991CF9E00BD87D7 /* Debug */,
				090BA7792991CF9E00BD87D7 /* Release */,
			);
			defaultConfigurationIsVisible = 0;
			defaultConfigurationName = Release;
		};
/* End XCConfigurationList section */
	};
	rootObject = 090BA7442991CF9C00BD87D7 /* Project object */;
}
